// !$*UTF8*$!
{
	archiveVersion = 1;
	classes = {
	};
	objectVersion = 46;
	objects = {

/* Begin PBXBuildFile section */
		40D4A7061CD4AD87006A9AAC /* main.cpp in Sources */ = {isa = PBXBuildFile; fileRef = 40D4A7051CD4AD87006A9AAC /* main.cpp */; };
		40D4A70D1CD4ADB8006A9AAC /* OpenGL.framework in Frameworks */ = {isa = PBXBuildFile; fileRef = 40D4A70C1CD4ADB8006A9AAC /* OpenGL.framework */; };
		40D4A70F1CD4ADC8006A9AAC /* libGLEW.1.13.0.dylib in Frameworks */ = {isa = PBXBuildFile; fileRef = 40D4A70E1CD4ADC8006A9AAC /* libGLEW.1.13.0.dylib */; };
		40D4A7111CD4ADD5006A9AAC /* libglfw.3.1.dylib in Frameworks */ = {isa = PBXBuildFile; fileRef = 40D4A7101CD4ADD5006A9AAC /* libglfw.3.1.dylib */; };
/* End PBXBuildFile section */

/* Begin PBXCopyFilesBuildPhase section */
		40D4A7001CD4AD87006A9AAC /* CopyFiles */ = {
			isa = PBXCopyFilesBuildPhase;
			buildActionMask = 2147483647;
			dstPath = /usr/share/man/man1/;
			dstSubfolderSpec = 0;
			files = (
			);
			runOnlyForDeploymentPostprocessing = 1;
		};
/* End PBXCopyFilesBuildPhase section */

/* Begin PBXFileReference section */
		40D4A7021CD4AD87006A9AAC /* HelloWindow */ = {isa = PBXFileReference; explicitFileType = "compiled.mach-o.executable"; includeInIndex = 0; path = HelloWindow; sourceTree = BUILT_PRODUCTS_DIR; };
		40D4A7051CD4AD87006A9AAC /* main.cpp */ = {isa = PBXFileReference; lastKnownFileType = sourcecode.cpp.cpp; path = main.cpp; sourceTree = "<group>"; };
		40D4A70C1CD4ADB8006A9AAC /* OpenGL.framework */ = {isa = PBXFileReference; lastKnownFileType = wrapper.framework; name = OpenGL.framework; path = System/Library/Frameworks/OpenGL.framework; sourceTree = SDKROOT; };
		40D4A70E1CD4ADC8006A9AAC /* libGLEW.1.13.0.dylib */ = {isa = PBXFileReference; lastKnownFileType = "compiled.mach-o.dylib"; name = libGLEW.1.13.0.dylib; path = ../../../../../../usr/local/lib/libGLEW.1.13.0.dylib; sourceTree = "<group>"; };
		40D4A7101CD4ADD5006A9AAC /* libglfw.3.1.dylib */ = {isa = PBXFileReference; lastKnownFileType = "compiled.mach-o.dylib"; name = libglfw.3.1.dylib; path = ../../../../../../usr/local/lib/libglfw.3.1.dylib; sourceTree = "<group>"; };
/* End PBXFileReference section */

/* Begin PBXFrameworksBuildPhase section */
		40D4A6FF1CD4AD87006A9AAC /* Frameworks */ = {
			isa = PBXFrameworksBuildPhase;
			buildActionMask = 2147483647;
			files = (
				40D4A7111CD4ADD5006A9AAC /* libglfw.3.1.dylib in Frameworks */,
				40D4A70F1CD4ADC8006A9AAC /* libGLEW.1.13.0.dylib in Frameworks */,
				40D4A70D1CD4ADB8006A9AAC /* OpenGL.framework in Frameworks */,
			);
			runOnlyForDeploymentPostprocessing = 0;
		};
/* End PBXFrameworksBuildPhase section */

/* Begin PBXGroup section */
		40D4A6F91CD4AD87006A9AAC = {
			isa = PBXGroup;
			children = (
				40D4A7101CD4ADD5006A9AAC /* libglfw.3.1.dylib */,
				40D4A70E1CD4ADC8006A9AAC /* libGLEW.1.13.0.dylib */,
				40D4A70C1CD4ADB8006A9AAC /* OpenGL.framework */,
				40D4A7041CD4AD87006A9AAC /* HelloWindow */,
				40D4A7031CD4AD87006A9AAC /* Products */,
			);
			sourceTree = "<group>";
		};
		40D4A7031CD4AD87006A9AAC /* Products */ = {
			isa = PBXGroup;
			children = (
				40D4A7021CD4AD87006A9AAC /* HelloWindow */,
			);
			name = Products;
			sourceTree = "<group>";
		};
		40D4A7041CD4AD87006A9AAC /* HelloWindow */ = {
			isa = PBXGroup;
			children = (
				40D4A7051CD4AD87006A9AAC /* main.cpp */,
			);
			path = HelloWindow;
			sourceTree = "<group>";
		};
/* End PBXGroup section */

/* Begin PBXNativeTarget section */
		40D4A7011CD4AD87006A9AAC /* HelloWindow */ = {
			isa = PBXNativeTarget;
			buildConfigurationList = 40D4A7091CD4AD87006A9AAC /* Build configuration list for PBXNativeTarget "HelloWindow" */;
			buildPhases = (
				40D4A6FE1CD4AD87006A9AAC /* Sources */,
				40D4A6FF1CD4AD87006A9AAC /* Frameworks */,
				40D4A7001CD4AD87006A9AAC /* CopyFiles */,
			);
			buildRules = (
			);
			dependencies = (
			);
			name = HelloWindow;
			productName = HelloWindow;
			productReference = 40D4A7021CD4AD87006A9AAC /* HelloWindow */;
			productType = "com.apple.product-type.tool";
		};
/* End PBXNativeTarget section */

/* Begin PBXProject section */
		40D4A6FA1CD4AD87006A9AAC /* Project object */ = {
			isa = PBXProject;
			attributes = {
				LastUpgradeCheck = 0720;
				ORGANIZATIONNAME = flybywind;
				TargetAttributes = {
					40D4A7011CD4AD87006A9AAC = {
						CreatedOnToolsVersion = 7.2.1;
					};
				};
			};
			buildConfigurationList = 40D4A6FD1CD4AD87006A9AAC /* Build configuration list for PBXProject "HelloWindow" */;
			compatibilityVersion = "Xcode 3.2";
			developmentRegion = English;
			hasScannedForEncodings = 0;
			knownRegions = (
				en,
			);
			mainGroup = 40D4A6F91CD4AD87006A9AAC;
			productRefGroup = 40D4A7031CD4AD87006A9AAC /* Products */;
			projectDirPath = "";
			projectRoot = "";
			targets = (
				40D4A7011CD4AD87006A9AAC /* HelloWindow */,
			);
		};
/* End PBXProject section */

/* Begin PBXSourcesBuildPhase section */
		40D4A6FE1CD4AD87006A9AAC /* Sources */ = {
			isa = PBXSourcesBuildPhase;
			buildActionMask = 2147483647;
			files = (
				40D4A7061CD4AD87006A9AAC /* main.cpp in Sources */,
			);
			runOnlyForDeploymentPostprocessing = 0;
		};
/* End PBXSourcesBuildPhase section */

/* Begin XCBuildConfiguration section */
		40D4A7071CD4AD87006A9AAC /* Debug */ = {
			isa = XCBuildConfiguration;
			buildSettings = {
				ALWAYS_SEARCH_USER_PATHS = NO;
				CLANG_CXX_LANGUAGE_STANDARD = "gnu++0x";
				CLANG_CXX_LIBRARY = "libc++";
				CLANG_ENABLE_MODULES = YES;
				CLANG_ENABLE_OBJC_ARC = YES;
				CLANG_WARN_BOOL_CONVERSION = YES;
				CLANG_WARN_CONSTANT_CONVERSION = YES;
				CLANG_WARN_DIRECT_OBJC_ISA_USAGE = YES_ERROR;
				CLANG_WARN_EMPTY_BODY = YES;
				CLANG_WARN_ENUM_CONVERSION = YES;
				CLANG_WARN_INT_CONVERSION = YES;
				CLANG_WARN_OBJC_ROOT_CLASS = YES_ERROR;
				CLANG_WARN_UNREACHABLE_CODE = YES;
				CLANG_WARN__DUPLICATE_METHOD_MATCH = YES;
				CODE_SIGN_IDENTITY = "-";
				COPY_PHASE_STRIP = NO;
				DEBUG_INFORMATION_FORMAT = dwarf;
				ENABLE_STRICT_OBJC_MSGSEND = YES;
				ENABLE_TESTABILITY = YES;
				GCC_C_LANGUAGE_STANDARD = gnu99;
				GCC_DYNAMIC_NO_PIC = NO;
				GCC_NO_COMMON_BLOCKS = YES;
				GCC_OPTIMIZATION_LEVEL = 0;
				GCC_PREPROCESSOR_DEFINITIONS = (
					"DEBUG=1",
					"$(inherited)",
				);
				GCC_WARN_64_TO_32_BIT_CONVERSION = YES;
				GCC_WARN_ABOUT_RETURN_TYPE = YES_ERROR;
				GCC_WARN_UNDECLARED_SELECTOR = YES;
				GCC_WARN_UNINITIALIZED_AUTOS = YES_AGGRESSIVE;
				GCC_WARN_UNUSED_FUNCTION = YES;
				GCC_WARN_UNUSED_VARIABLE = YES;
				MACOSX_DEPLOYMENT_TARGET = 10.10;
				MTL_ENABLE_DEBUG_INFO = YES;
				ONLY_ACTIVE_ARCH = YES;
				SDKROOT = macosx;
			};
			name = Debug;
		};
		40D4A7081CD4AD87006A9AAC /* Release */ = {
			isa = XCBuildConfiguration;
			buildSettings = {
				ALWAYS_SEARCH_USER_PATHS = NO;
				CLANG_CXX_LANGUAGE_STANDARD = "gnu++0x";
				CLANG_CXX_LIBRARY = "libc++";
				CLANG_ENABLE_MODULES = YES;
				CLANG_ENABLE_OBJC_ARC = YES;
				CLANG_WARN_BOOL_CONVERSION = YES;
				CLANG_WARN_CONSTANT_CONVERSION = YES;
				CLANG_WARN_DIRECT_OBJC_ISA_USAGE = YES_ERROR;
				CLANG_WARN_EMPTY_BODY = YES;
				CLANG_WARN_ENUM_CONVERSION = YES;
				CLANG_WARN_INT_CONVERSION = YES;
				CLANG_WARN_OBJC_ROOT_CLASS = YES_ERROR;
				CLANG_WARN_UNREACHABLE_CODE = YES;
				CLANG_WARN__DUPLICATE_METHOD_MATCH = YES;
				CODE_SIGN_IDENTITY = "-";
				COPY_PHASE_STRIP = NO;
				DEBUG_INFORMATION_FORMAT = "dwarf-with-dsym";
				ENABLE_NS_ASSERTIONS = NO;
				ENABLE_STRICT_OBJC_MSGSEND = YES;
				GCC_C_LANGUAGE_STANDARD = gnu99;
				GCC_NO_COMMON_BLOCKS = YES;
				GCC_WARN_64_TO_32_BIT_CONVERSION = YES;
				GCC_WARN_ABOUT_RETURN_TYPE = YES_ERROR;
				GCC_WARN_UNDECLARED_SELECTOR = YES;
				GCC_WARN_UNINITIALIZED_AUTOS = YES_AGGRESSIVE;
				GCC_WARN_UNUSED_FUNCTION = YES;
				GCC_WARN_UNUSED_VARIABLE = YES;
				MACOSX_DEPLOYMENT_TARGET = 10.10;
				MTL_ENABLE_DEBUG_INFO = NO;
				SDKROOT = macosx;
			};
			name = Release;
		};
		40D4A70A1CD4AD87006A9AAC /* Debug */ = {
			isa = XCBuildConfiguration;
			buildSettings = {
				HEADER_SEARCH_PATHS = /usr/local/include;
				LIBRARY_SEARCH_PATHS = /usr/local/lib;
				PRODUCT_NAME = "$(TARGET_NAME)";
			};
			name = Debug;
		};
		40D4A70B1CD4AD87006A9AAC /* Release */ = {
			isa = XCBuildConfiguration;
			buildSettings = {
				HEADER_SEARCH_PATHS = /usr/local/include;
				LIBRARY_SEARCH_PATHS = /usr/local/lib;
				PRODUCT_NAME = "$(TARGET_NAME)";
			};
			name = Release;
		};
/* End XCBuildConfiguration section */

/* Begin XCConfigurationList section */
		40D4A6FD1CD4AD87006A9AAC /* Build configuration list for PBXProject "HelloWindow" */ = {
			isa = XCConfigurationList;
			buildConfigurations = (
				40D4A7071CD4AD87006A9AAC /* Debug */,
				40D4A7081CD4AD87006A9AAC /* Release */,
			);
			defaultConfigurationIsVisible = 0;
			defaultConfigurationName = Release;
		};
		40D4A7091CD4AD87006A9AAC /* Build configuration list for PBXNativeTarget "HelloWindow" */ = {
			isa = XCConfigurationList;
			buildConfigurations = (
				40D4A70A1CD4AD87006A9AAC /* Debug */,
				40D4A70B1CD4AD87006A9AAC /* Release */,
			);
			defaultConfigurationIsVisible = 0;
		};
/* End XCConfigurationList section */
	};
	rootObject = 40D4A6FA1CD4AD87006A9AAC /* Project object */;
}
